
Microsoft Visual Studio Solution File, Format Version 12.00
# Visual Studio 15
Project("{FAE04EC0-301F-11D3-BF4B-00C04F79EFBC}") = "Davfalcon", "..\rpglibrary\Davfalcon\Davfalcon.csproj", "{1FCB4578-21B8-4DB5-B560-C87BEEB7FD2E}"
EndProject
Project("{FAE04EC0-301F-11D3-BF4B-00C04F79EFBC}") = "Davfalcon.Unity", "..\rpglibrary\Unity\Davfalcon.Unity\Davfalcon.Unity.csproj", "{37146187-BC62-44E6-BCE1-EBC64C6C9224}"
EndProject
Project("{FAE04EC0-301F-11D3-BF4B-00C04F79EFBC}") = "Davfalcon.UnitTests", "..\rpglibrary\Davfalcon.UnitTests\Davfalcon.UnitTests.csproj", "{1019C09A-ACB3-4212-9372-4E28E628B46F}"
EndProject
Project("{FAE04EC0-301F-11D3-BF4B-00C04F79EFBC}") = "Davfalcon.Revelator", "..\rpglibrary\Davfalcon.Revelator\Davfalcon.Revelator.csproj", "{3F1FA461-A8B2-4B6D-8C39-050069CE2A66}"
EndProject
Project("{FAE04EC0-301F-11D3-BF4B-00C04F79EFBC}") = "Davfalcon.Revelator.UnitTests", "..\rpglibrary\Davfalcon.Revelator.UnitTests\Davfalcon.Revelator.UnitTests.csproj", "{B6F86762-E634-4425-9D8B-1C0873B7E12B}"
EndProject
Project("{FAE04EC0-301F-11D3-BF4B-00C04F79EFBC}") = "App", "..\App\App.csproj", "{3295384F-5222-4AAA-92B8-B86D81DDE225}"
EndProject
Project("{FAE04EC0-301F-11D3-BF4B-00C04F79EFBC}") = "App.UnitTests", "..\App.UnitTests\App.UnitTests.csproj", "{C6FF7814-11C5-4856-902B-9717E9C3A743}"
EndProject
Global
	GlobalSection(SolutionConfigurationPlatforms) = preSolution
		Debug|Any CPU = Debug|Any CPU
		Release|Any CPU = Release|Any CPU
	EndGlobalSection
	GlobalSection(ProjectConfigurationPlatforms) = postSolution
		{1FCB4578-21B8-4DB5-B560-C87BEEB7FD2E}.Debug|Any CPU.ActiveCfg = Debug|Any CPU
		{1FCB4578-21B8-4DB5-B560-C87BEEB7FD2E}.Debug|Any CPU.Build.0 = Debug|Any CPU
		{1FCB4578-21B8-4DB5-B560-C87BEEB7FD2E}.Release|Any CPU.ActiveCfg = Release|Any CPU
		{1FCB4578-21B8-4DB5-B560-C87BEEB7FD2E}.Release|Any CPU.Build.0 = Release|Any CPU
		{37146187-BC62-44E6-BCE1-EBC64C6C9224}.Debug|Any CPU.ActiveCfg = Debug|Any CPU
		{37146187-BC62-44E6-BCE1-EBC64C6C9224}.Debug|Any CPU.Build.0 = Debug|Any CPU
		{37146187-BC62-44E6-BCE1-EBC64C6C9224}.Release|Any CPU.ActiveCfg = Release|Any CPU
		{37146187-BC62-44E6-BCE1-EBC64C6C9224}.Release|Any CPU.Build.0 = Release|Any CPU
		{1019C09A-ACB3-4212-9372-4E28E628B46F}.Debug|Any CPU.ActiveCfg = Debug|Any CPU
		{1019C09A-ACB3-4212-9372-4E28E628B46F}.Debug|Any CPU.Build.0 = Debug|Any CPU
		{1019C09A-ACB3-4212-9372-4E28E628B46F}.Release|Any CPU.ActiveCfg = Release|Any CPU
		{1019C09A-ACB3-4212-9372-4E28E628B46F}.Release|Any CPU.Build.0 = Release|Any CPU
		{3F1FA461-A8B2-4B6D-8C39-050069CE2A66}.Debug|Any CPU.ActiveCfg = Debug|Any CPU
		{3F1FA461-A8B2-4B6D-8C39-050069CE2A66}.Debug|Any CPU.Build.0 = Debug|Any CPU
		{3F1FA461-A8B2-4B6D-8C39-050069CE2A66}.Release|Any CPU.ActiveCfg = Release|Any CPU
		{3F1FA461-A8B2-4B6D-8C39-050069CE2A66}.Release|Any CPU.Build.0 = Release|Any CPU
		{B6F86762-E634-4425-9D8B-1C0873B7E12B}.Debug|Any CPU.ActiveCfg = Debug|Any CPU
		{B6F86762-E634-4425-9D8B-1C0873B7E12B}.Debug|Any CPU.Build.0 = Debug|Any CPU
		{B6F86762-E634-4425-9D8B-1C0873B7E12B}.Release|Any CPU.ActiveCfg = Release|Any CPU
		{B6F86762-E634-4425-9D8B-1C0873B7E12B}.Release|Any CPU.Build.0 = Release|Any CPU
		{3295384F-5222-4AAA-92B8-B86D81DDE225}.Debug|Any CPU.ActiveCfg = Debug|Any CPU
		{3295384F-5222-4AAA-92B8-B86D81DDE225}.Debug|Any CPU.Build.0 = Debug|Any CPU
		{3295384F-5222-4AAA-92B8-B86D81DDE225}.Release|Any CPU.ActiveCfg = Release|Any CPU
		{3295384F-5222-4AAA-92B8-B86D81DDE225}.Release|Any CPU.Build.0 = Release|Any CPU
		{C6FF7814-11C5-4856-902B-9717E9C3A743}.Debug|Any CPU.ActiveCfg = Debug|Any CPU
		{C6FF7814-11C5-4856-902B-9717E9C3A743}.Debug|Any CPU.Build.0 = Debug|Any CPU
		{C6FF7814-11C5-4856-902B-9717E9C3A743}.Release|Any CPU.ActiveCfg = Release|Any CPU
		{C6FF7814-11C5-4856-902B-9717E9C3A743}.Release|Any CPU.Build.0 = Release|Any CPU
	EndGlobalSection
	GlobalSection(SolutionProperties) = preSolution
		HideSolutionNode = FALSE
	EndGlobalSection
EndGlobal
